// !$*UTF8*$!
{
	archiveVersion = 1;
	classes = {
	};
	objectVersion = 46;
	objects = {

/* Begin PBXBuildFile section */
		3326CC1A1D73AF0800B3E496 /* AppDelegate.swift in Sources */ = {isa = PBXBuildFile; fileRef = 3326CC191D73AF0800B3E496 /* AppDelegate.swift */; };
		3326CC211D73AF0800B3E496 /* Assets.xcassets in Resources */ = {isa = PBXBuildFile; fileRef = 3326CC201D73AF0800B3E496 /* Assets.xcassets */; };
		3326CC241D73AF0800B3E496 /* LaunchScreen.storyboard in Resources */ = {isa = PBXBuildFile; fileRef = 3326CC221D73AF0800B3E496 /* LaunchScreen.storyboard */; };
		3326CC2F1D73AF0800B3E496 /* PsuhNot2Tests.swift in Sources */ = {isa = PBXBuildFile; fileRef = 3326CC2E1D73AF0800B3E496 /* PsuhNot2Tests.swift */; };
		3326CC3E1D73EAC200B3E496 /* UIButtonExtension.swift in Sources */ = {isa = PBXBuildFile; fileRef = 3326CC3D1D73EAC200B3E496 /* UIButtonExtension.swift */; };
		3326CC401D73FA3A00B3E496 /* HelperExtensions.swift in Sources */ = {isa = PBXBuildFile; fileRef = 3326CC3F1D73FA3A00B3E496 /* HelperExtensions.swift */; };
		3326CC4C1D7422F700B3E496 /* NodePathFinder.swift in Sources */ = {isa = PBXBuildFile; fileRef = 3326CC4A1D7422F700B3E496 /* NodePathFinder.swift */; };
		3326CC4D1D7422F700B3E496 /* NodeDebugExtension.swift in Sources */ = {isa = PBXBuildFile; fileRef = 3326CC4B1D7422F700B3E496 /* NodeDebugExtension.swift */; };
/* End PBXBuildFile section */

/* Begin PBXContainerItemProxy section */
		3326CC2B1D73AF0800B3E496 /* PBXContainerItemProxy */ = {
			isa = PBXContainerItemProxy;
			containerPortal = 3326CC0E1D73AF0800B3E496 /* Project object */;
			proxyType = 1;
			remoteGlobalIDString = 3326CC151D73AF0800B3E496;
			remoteInfo = PsuhNot2;
		};
/* End PBXContainerItemProxy section */

/* Begin PBXFileReference section */
		3326CC161D73AF0800B3E496 /* PsuhNot2.app */ = {isa = PBXFileReference; explicitFileType = wrapper.application; includeInIndex = 0; path = PsuhNot2.app; sourceTree = BUILT_PRODUCTS_DIR; };
		3326CC191D73AF0800B3E496 /* AppDelegate.swift */ = {isa = PBXFileReference; lastKnownFileType = sourcecode.swift; path = AppDelegate.swift; sourceTree = "<group>"; };
		3326CC201D73AF0800B3E496 /* Assets.xcassets */ = {isa = PBXFileReference; lastKnownFileType = folder.assetcatalog; path = Assets.xcassets; sourceTree = "<group>"; };
		3326CC231D73AF0800B3E496 /* Base */ = {isa = PBXFileReference; lastKnownFileType = file.storyboard; name = Base; path = Base.lproj/LaunchScreen.storyboard; sourceTree = "<group>"; };
		3326CC251D73AF0800B3E496 /* Info.plist */ = {isa = PBXFileReference; lastKnownFileType = text.plist.xml; path = Info.plist; sourceTree = "<group>"; };
		3326CC2A1D73AF0800B3E496 /* PsuhNot2Tests.xctest */ = {isa = PBXFileReference; explicitFileType = wrapper.cfbundle; includeInIndex = 0; path = PsuhNot2Tests.xctest; sourceTree = BUILT_PRODUCTS_DIR; };
		3326CC2E1D73AF0800B3E496 /* PsuhNot2Tests.swift */ = {isa = PBXFileReference; lastKnownFileType = sourcecode.swift; path = PsuhNot2Tests.swift; sourceTree = "<group>"; };
		3326CC301D73AF0800B3E496 /* Info.plist */ = {isa = PBXFileReference; lastKnownFileType = text.plist.xml; path = Info.plist; sourceTree = "<group>"; };
		3326CC3D1D73EAC200B3E496 /* UIButtonExtension.swift */ = {isa = PBXFileReference; fileEncoding = 4; lastKnownFileType = sourcecode.swift; path = UIButtonExtension.swift; sourceTree = "<group>"; };
		3326CC3F1D73FA3A00B3E496 /* HelperExtensions.swift */ = {isa = PBXFileReference; fileEncoding = 4; lastKnownFileType = sourcecode.swift; path = HelperExtensions.swift; sourceTree = "<group>"; };
		3326CC4A1D7422F700B3E496 /* NodePathFinder.swift */ = {isa = PBXFileReference; fileEncoding = 4; lastKnownFileType = sourcecode.swift; name = NodePathFinder.swift; path = ../../../NodePathFinder/Path2/NodePathFinder.swift; sourceTree = "<group>"; };
		3326CC4B1D7422F700B3E496 /* NodeDebugExtension.swift */ = {isa = PBXFileReference; fileEncoding = 4; lastKnownFileType = sourcecode.swift; name = NodeDebugExtension.swift; path = ../../../NodePathFinder/Path2/NodeDebugExtension.swift; sourceTree = "<group>"; };
/* End PBXFileReference section */

/* Begin PBXFrameworksBuildPhase section */
		3326CC131D73AF0800B3E496 /* Frameworks */ = {
			isa = PBXFrameworksBuildPhase;
			buildActionMask = 2147483647;
			files = (
			);
			runOnlyForDeploymentPostprocessing = 0;
		};
		3326CC271D73AF0800B3E496 /* Frameworks */ = {
			isa = PBXFrameworksBuildPhase;
			buildActionMask = 2147483647;
			files = (
			);
			runOnlyForDeploymentPostprocessing = 0;
		};
/* End PBXFrameworksBuildPhase section */

/* Begin PBXGroup section */
		3326CC0D1D73AF0800B3E496 = {
			isa = PBXGroup;
			children = (
				3326CC181D73AF0800B3E496 /* PsuhNot2 */,
				3326CC2D1D73AF0800B3E496 /* PsuhNot2Tests */,
				3326CC171D73AF0800B3E496 /* Products */,
			);
			sourceTree = "<group>";
		};
		3326CC171D73AF0800B3E496 /* Products */ = {
			isa = PBXGroup;
			children = (
				3326CC161D73AF0800B3E496 /* PsuhNot2.app */,
				3326CC2A1D73AF0800B3E496 /* PsuhNot2Tests.xctest */,
			);
			name = Products;
			sourceTree = "<group>";
		};
		3326CC181D73AF0800B3E496 /* PsuhNot2 */ = {
			isa = PBXGroup;
			children = (
				3326CC4A1D7422F700B3E496 /* NodePathFinder.swift */,
				3326CC4B1D7422F700B3E496 /* NodeDebugExtension.swift */,
				3326CC191D73AF0800B3E496 /* AppDelegate.swift */,
				3326CC3F1D73FA3A00B3E496 /* HelperExtensions.swift */,
				3326CC3D1D73EAC200B3E496 /* UIButtonExtension.swift */,
				3326CC201D73AF0800B3E496 /* Assets.xcassets */,
				3326CC221D73AF0800B3E496 /* LaunchScreen.storyboard */,
				3326CC251D73AF0800B3E496 /* Info.plist */,
			);
			path = PsuhNot2;
			sourceTree = "<group>";
		};
		3326CC2D1D73AF0800B3E496 /* PsuhNot2Tests */ = {
			isa = PBXGroup;
			children = (
				3326CC2E1D73AF0800B3E496 /* PsuhNot2Tests.swift */,
				3326CC301D73AF0800B3E496 /* Info.plist */,
			);
			path = PsuhNot2Tests;
			sourceTree = "<group>";
		};
/* End PBXGroup section */

/* Begin PBXNativeTarget section */
		3326CC151D73AF0800B3E496 /* PsuhNot2 */ = {
			isa = PBXNativeTarget;
			buildConfigurationList = 3326CC331D73AF0800B3E496 /* Build configuration list for PBXNativeTarget "PsuhNot2" */;
			buildPhases = (
				3326CC121D73AF0800B3E496 /* Sources */,
				3326CC131D73AF0800B3E496 /* Frameworks */,
				3326CC141D73AF0800B3E496 /* Resources */,
			);
			buildRules = (
			);
			dependencies = (
			);
			name = PsuhNot2;
			productName = PsuhNot2;
			productReference = 3326CC161D73AF0800B3E496 /* PsuhNot2.app */;
			productType = "com.apple.product-type.application";
		};
		3326CC291D73AF0800B3E496 /* PsuhNot2Tests */ = {
			isa = PBXNativeTarget;
			buildConfigurationList = 3326CC361D73AF0800B3E496 /* Build configuration list for PBXNativeTarget "PsuhNot2Tests" */;
			buildPhases = (
				3326CC261D73AF0800B3E496 /* Sources */,
				3326CC271D73AF0800B3E496 /* Frameworks */,
				3326CC281D73AF0800B3E496 /* Resources */,
			);
			buildRules = (
			);
			dependencies = (
				3326CC2C1D73AF0800B3E496 /* PBXTargetDependency */,
			);
			name = PsuhNot2Tests;
			productName = PsuhNot2Tests;
			productReference = 3326CC2A1D73AF0800B3E496 /* PsuhNot2Tests.xctest */;
			productType = "com.apple.product-type.bundle.unit-test";
		};
/* End PBXNativeTarget section */

/* Begin PBXProject section */
		3326CC0E1D73AF0800B3E496 /* Project object */ = {
			isa = PBXProject;
			attributes = {
				LastSwiftUpdateCheck = 0730;
				LastUpgradeCheck = 0730;
				ORGANIZATIONNAME = Tyro;
				TargetAttributes = {
					3326CC151D73AF0800B3E496 = {
						CreatedOnToolsVersion = 7.3;
					};
					3326CC291D73AF0800B3E496 = {
						CreatedOnToolsVersion = 7.3;
						TestTargetID = 3326CC151D73AF0800B3E496;
					};
				};
			};
			buildConfigurationList = 3326CC111D73AF0800B3E496 /* Build configuration list for PBXProject "PsuhNot2" */;
			compatibilityVersion = "Xcode 3.2";
			developmentRegion = English;
			hasScannedForEncodings = 0;
			knownRegions = (
				en,
				Base,
			);
			mainGroup = 3326CC0D1D73AF0800B3E496;
			productRefGroup = 3326CC171D73AF0800B3E496 /* Products */;
			projectDirPath = "";
			projectRoot = "";
			targets = (
				3326CC151D73AF0800B3E496 /* PsuhNot2 */,
				3326CC291D73AF0800B3E496 /* PsuhNot2Tests */,
			);
		};
/* End PBXProject section */

/* Begin PBXResourcesBuildPhase section */
		3326CC141D73AF0800B3E496 /* Resources */ = {
			isa = PBXResourcesBuildPhase;
			buildActionMask = 2147483647;
			files = (
				3326CC241D73AF0800B3E496 /* LaunchScreen.storyboard in Resources */,
				3326CC211D73AF0800B3E496 /* Assets.xcassets in Resources */,
			);
			runOnlyForDeploymentPostprocessing = 0;
		};
		3326CC281D73AF0800B3E496 /* Resources */ = {
			isa = PBXResourcesBuildPhase;
			buildActionMask = 2147483647;
			files = (
			);
			runOnlyForDeploymentPostprocessing = 0;
		};
/* End PBXResourcesBuildPhase section */

/* Begin PBXSourcesBuildPhase section */
		3326CC121D73AF0800B3E496 /* Sources */ = {
			isa = PBXSourcesBuildPhase;
			buildActionMask = 2147483647;
			files = (
				3326CC3E1D73EAC200B3E496 /* UIButtonExtension.swift in Sources */,
				3326CC401D73FA3A00B3E496 /* HelperExtensions.swift in Sources */,
				3326CC4D1D7422F700B3E496 /* NodeDebugExtension.swift in Sources */,
				3326CC4C1D7422F700B3E496 /* NodePathFinder.swift in Sources */,
				3326CC1A1D73AF0800B3E496 /* AppDelegate.swift in Sources */,
			);
			runOnlyForDeploymentPostprocessing = 0;
		};
		3326CC261D73AF0800B3E496 /* Sources */ = {
			isa = PBXSourcesBuildPhase;
			buildActionMask = 2147483647;
			files = (
				3326CC2F1D73AF0800B3E496 /* PsuhNot2Tests.swift in Sources */,
			);
			runOnlyForDeploymentPostprocessing = 0;
		};
/* End PBXSourcesBuildPhase section */

/* Begin PBXTargetDependency section */
		3326CC2C1D73AF0800B3E496 /* PBXTargetDependency */ = {
			isa = PBXTargetDependency;
			target = 3326CC151D73AF0800B3E496 /* PsuhNot2 */;
			targetProxy = 3326CC2B1D73AF0800B3E496 /* PBXContainerItemProxy */;
		};
/* End PBXTargetDependency section */

/* Begin PBXVariantGroup section */
		3326CC221D73AF0800B3E496 /* LaunchScreen.storyboard */ = {
			isa = PBXVariantGroup;
			children = (
				3326CC231D73AF0800B3E496 /* Base */,
			);
			name = LaunchScreen.storyboard;
			sourceTree = "<group>";
		};
/* End PBXVariantGroup section */

/* Begin XCBuildConfiguration section */
		3326CC311D73AF0800B3E496 /* Debug */ = {
			isa = XCBuildConfiguration;
			buildSettings = {
				ALWAYS_SEARCH_USER_PATHS = NO;
				CLANG_ANALYZER_NONNULL = YES;
				CLANG_CXX_LANGUAGE_STANDARD = "gnu++0x";
				CLANG_CXX_LIBRARY = "libc++";
				CLANG_ENABLE_MODULES = YES;
				CLANG_ENABLE_OBJC_ARC = YES;
				CLANG_WARN_BOOL_CONVERSION = YES;
				CLANG_WARN_CONSTANT_CONVERSION = YES;
				CLANG_WARN_DIRECT_OBJC_ISA_USAGE = YES_ERROR;
				CLANG_WARN_EMPTY_BODY = YES;
				CLANG_WARN_ENUM_CONVERSION = YES;
				CLANG_WARN_INT_CONVERSION = YES;
				CLANG_WARN_OBJC_ROOT_CLASS = YES_ERROR;
				CLANG_WARN_UNREACHABLE_CODE = YES;
				CLANG_WARN__DUPLICATE_METHOD_MATCH = YES;
				"CODE_SIGN_IDENTITY[sdk=iphoneos*]" = "iPhone Developer";
				COPY_PHASE_STRIP = NO;
				DEBUG_INFORMATION_FORMAT = dwarf;
				ENABLE_STRICT_OBJC_MSGSEND = YES;
				ENABLE_TESTABILITY = YES;
				GCC_C_LANGUAGE_STANDARD = gnu99;
				GCC_DYNAMIC_NO_PIC = NO;
				GCC_NO_COMMON_BLOCKS = YES;
				GCC_OPTIMIZATION_LEVEL = 0;
				GCC_PREPROCESSOR_DEFINITIONS = (
					"DEBUG=1",
					"$(inherited)",
				);
				GCC_WARN_64_TO_32_BIT_CONVERSION = YES;
				GCC_WARN_ABOUT_RETURN_TYPE = YES_ERROR;
				GCC_WARN_UNDECLARED_SELECTOR = YES;
				GCC_WARN_UNINITIALIZED_AUTOS = YES_AGGRESSIVE;
				GCC_WARN_UNUSED_FUNCTION = YES;
				GCC_WARN_UNUSED_VARIABLE = YES;
				IPHONEOS_DEPLOYMENT_TARGET = 9.3;
				MTL_ENABLE_DEBUG_INFO = YES;
				ONLY_ACTIVE_ARCH = YES;
				SDKROOT = iphoneos;
				SWIFT_OPTIMIZATION_LEVEL = "-Onone";
				TARGETED_DEVICE_FAMILY = "1,2";
			};
			name = Debug;
		};
		3326CC321D73AF0800B3E496 /* Release */ = {
			isa = XCBuildConfiguration;
			buildSettings = {
				ALWAYS_SEARCH_USER_PATHS = NO;
				CLANG_ANALYZER_NONNULL = YES;
				CLANG_CXX_LANGUAGE_STANDARD = "gnu++0x";
				CLANG_CXX_LIBRARY = "libc++";
				CLANG_ENABLE_MODULES = YES;
				CLANG_ENABLE_OBJC_ARC = YES;
				CLANG_WARN_BOOL_CONVERSION = YES;
				CLANG_WARN_CONSTANT_CONVERSION = YES;
				CLANG_WARN_DIRECT_OBJC_ISA_USAGE = YES_ERROR;
				CLANG_WARN_EMPTY_BODY = YES;
				CLANG_WARN_ENUM_CONVERSION = YES;
				CLANG_WARN_INT_CONVERSION = YES;
				CLANG_WARN_OBJC_ROOT_CLASS = YES_ERROR;
				CLANG_WARN_UNREACHABLE_CODE = YES;
				CLANG_WARN__DUPLICATE_METHOD_MATCH = YES;
				"CODE_SIGN_IDENTITY[sdk=iphoneos*]" = "iPhone Developer";
				COPY_PHASE_STRIP = NO;
				DEBUG_INFORMATION_FORMAT = "dwarf-with-dsym";
				ENABLE_NS_ASSERTIONS = NO;
				ENABLE_STRICT_OBJC_MSGSEND = YES;
				GCC_C_LANGUAGE_STANDARD = gnu99;
				GCC_NO_COMMON_BLOCKS = YES;
				GCC_WARN_64_TO_32_BIT_CONVERSION = YES;
				GCC_WARN_ABOUT_RETURN_TYPE = YES_ERROR;
				GCC_WARN_UNDECLARED_SELECTOR = YES;
				GCC_WARN_UNINITIALIZED_AUTOS = YES_AGGRESSIVE;
				GCC_WARN_UNUSED_FUNCTION = YES;
				GCC_WARN_UNUSED_VARIABLE = YES;
				IPHONEOS_DEPLOYMENT_TARGET = 9.3;
				MTL_ENABLE_DEBUG_INFO = NO;
				SDKROOT = iphoneos;
				TARGETED_DEVICE_FAMILY = "1,2";
				VALIDATE_PRODUCT = YES;
			};
			name = Release;
		};
		3326CC341D73AF0800B3E496 /* Debug */ = {
			isa = XCBuildConfiguration;
			buildSettings = {
				ASSETCATALOG_COMPILER_APPICON_NAME = AppIcon;
				INFOPLIST_FILE = PsuhNot2/Info.plist;
				LD_RUNPATH_SEARCH_PATHS = "$(inherited) @executable_path/Frameworks";
				PRODUCT_BUNDLE_IDENTIFIER = com.tyro.PsuhNot2;
				PRODUCT_NAME = "$(TARGET_NAME)";
			};
			name = Debug;
		};
		3326CC351D73AF0800B3E496 /* Release */ = {
			isa = XCBuildConfiguration;
			buildSettings = {
				ASSETCATALOG_COMPILER_APPICON_NAME = AppIcon;
				INFOPLIST_FILE = PsuhNot2/Info.plist;
				LD_RUNPATH_SEARCH_PATHS = "$(inherited) @executable_path/Frameworks";
				PRODUCT_BUNDLE_IDENTIFIER = com.tyro.PsuhNot2;
				PRODUCT_NAME = "$(TARGET_NAME)";
			};
			name = Release;
		};
		3326CC371D73AF0800B3E496 /* Debug */ = {
			isa = XCBuildConfiguration;
			buildSettings = {
				BUNDLE_LOADER = "$(TEST_HOST)";
				INFOPLIST_FILE = PsuhNot2Tests/Info.plist;
				LD_RUNPATH_SEARCH_PATHS = "$(inherited) @executable_path/Frameworks @loader_path/Frameworks";
				PRODUCT_BUNDLE_IDENTIFIER = com.tyro.PsuhNot2Tests;
				PRODUCT_NAME = "$(TARGET_NAME)";
				TEST_HOST = "$(BUILT_PRODUCTS_DIR)/PsuhNot2.app/PsuhNot2";
			};
			name = Debug;
		};
		3326CC381D73AF0800B3E496 /* Release */ = {
			isa = XCBuildConfiguration;
			buildSettings = {
				BUNDLE_LOADER = "$(TEST_HOST)";
				INFOPLIST_FILE = PsuhNot2Tests/Info.plist;
				LD_RUNPATH_SEARCH_PATHS = "$(inherited) @executable_path/Frameworks @loader_path/Frameworks";
				PRODUCT_BUNDLE_IDENTIFIER = com.tyro.PsuhNot2Tests;
				PRODUCT_NAME = "$(TARGET_NAME)";
				TEST_HOST = "$(BUILT_PRODUCTS_DIR)/PsuhNot2.app/PsuhNot2";
			};
			name = Release;
		};
/* End XCBuildConfiguration section */

/* Begin XCConfigurationList section */
		3326CC111D73AF0800B3E496 /* Build configuration list for PBXProject "PsuhNot2" */ = {
			isa = XCConfigurationList;
			buildConfigurations = (
				3326CC311D73AF0800B3E496 /* Debug */,
				3326CC321D73AF0800B3E496 /* Release */,
			);
			defaultConfigurationIsVisible = 0;
			defaultConfigurationName = Release;
		};
		3326CC331D73AF0800B3E496 /* Build configuration list for PBXNativeTarget "PsuhNot2" */ = {
			isa = XCConfigurationList;
			buildConfigurations = (
				3326CC341D73AF0800B3E496 /* Debug */,
				3326CC351D73AF0800B3E496 /* Release */,
			);
			defaultConfigurationIsVisible = 0;
			defaultConfigurationName = Release;
		};
		3326CC361D73AF0800B3E496 /* Build configuration list for PBXNativeTarget "PsuhNot2Tests" */ = {
			isa = XCConfigurationList;
			buildConfigurations = (
				3326CC371D73AF0800B3E496 /* Debug */,
				3326CC381D73AF0800B3E496 /* Release */,
			);
			defaultConfigurationIsVisible = 0;
			defaultConfigurationName = Release;
		};
/* End XCConfigurationList section */
	};
	rootObject = 3326CC0E1D73AF0800B3E496 /* Project object */;
}
